
Microsoft Visual Studio Solution File, Format Version 12.00
# Visual Studio Version 16
VisualStudioVersion = 16.0.31019.35
MinimumVisualStudioVersion = 10.0.40219.1
Project("{FAE04EC0-301F-11D3-BF4B-00C04F79EFBC}") = "TextProcessing", "TextProcessing.csproj", "{422228F4-0DBA-448F-9F1C-A152074D0DC5}"
EndProject
Project("{FAE04EC0-301F-11D3-BF4B-00C04F79EFBC}") = "Substring", "..\Substring\Substring.csproj", "{FE727DF1-0E7D-422E-8307-A0332DB33703}"
EndProject
Project("{FAE04EC0-301F-11D3-BF4B-00C04F79EFBC}") = "TextFilter", "..\TextFilter\TextFilter.csproj", "{70B1B3C5-0E82-4FDB-A338-47C6559B7FEC}"
EndProject
Global
	GlobalSection(SolutionConfigurationPlatforms) = preSolution
		Debug|Any CPU = Debug|Any CPU
		Release|Any CPU = Release|Any CPU
	EndGlobalSection
	GlobalSection(ProjectConfigurationPlatforms) = postSolution
		{422228F4-0DBA-448F-9F1C-A152074D0DC5}.Debug|Any CPU.ActiveCfg = Debug|Any CPU
		{422228F4-0DBA-448F-9F1C-A152074D0DC5}.Debug|Any CPU.Build.0 = Debug|Any CPU
		{422228F4-0DBA-448F-9F1C-A152074D0DC5}.Release|Any CPU.ActiveCfg = Release|Any CPU
		{422228F4-0DBA-448F-9F1C-A152074D0DC5}.Release|Any CPU.Build.0 = Release|Any CPU
		{FE727DF1-0E7D-422E-8307-A0332DB33703}.Debug|Any CPU.ActiveCfg = Debug|Any CPU
		{FE727DF1-0E7D-422E-8307-A0332DB33703}.Debug|Any CPU.Build.0 = Debug|Any CPU
		{FE727DF1-0E7D-422E-8307-A0332DB33703}.Release|Any CPU.ActiveCfg = Release|Any CPU
		{FE727DF1-0E7D-422E-8307-A0332DB33703}.Release|Any CPU.Build.0 = Release|Any CPU
		{70B1B3C5-0E82-4FDB-A338-47C6559B7FEC}.Debug|Any CPU.ActiveCfg = Debug|Any CPU
		{70B1B3C5-0E82-4FDB-A338-47C6559B7FEC}.Debug|Any CPU.Build.0 = Debug|Any CPU
		{70B1B3C5-0E82-4FDB-A338-47C6559B7FEC}.Release|Any CPU.ActiveCfg = Release|Any CPU
		{70B1B3C5-0E82-4FDB-A338-47C6559B7FEC}.Release|Any CPU.Build.0 = Release|Any CPU
	EndGlobalSection
	GlobalSection(SolutionProperties) = preSolution
		HideSolutionNode = FALSE
	EndGlobalSection
	GlobalSection(ExtensibilityGlobals) = postSolution
		SolutionGuid = {4F1608C6-26E8-4B50-92A8-3B6AD2D4B747}
	EndGlobalSection
EndGlobal
