
Microsoft Visual Studio Solution File, Format Version 12.00
# Visual Studio Version 16
VisualStudioVersion = 16.0.31019.35
MinimumVisualStudioVersion = 10.0.40219.1
Project("{FAE04EC0-301F-11D3-BF4B-00C04F79EFBC}") = "BorderControl", "BorderControl.csproj", "{1DAA4732-45CA-49E0-89DA-74C69CEDEAFF}"
EndProject
Global
	GlobalSection(SolutionConfigurationPlatforms) = preSolution
		Debug|Any CPU = Debug|Any CPU
		Release|Any CPU = Release|Any CPU
	EndGlobalSection
	GlobalSection(ProjectConfigurationPlatforms) = postSolution
		{1DAA4732-45CA-49E0-89DA-74C69CEDEAFF}.Debug|Any CPU.ActiveCfg = Debug|Any CPU
		{1DAA4732-45CA-49E0-89DA-74C69CEDEAFF}.Debug|Any CPU.Build.0 = Debug|Any CPU
		{1DAA4732-45CA-49E0-89DA-74C69CEDEAFF}.Release|Any CPU.ActiveCfg = Release|Any CPU
		{1DAA4732-45CA-49E0-89DA-74C69CEDEAFF}.Release|Any CPU.Build.0 = Release|Any CPU
	EndGlobalSection
	GlobalSection(SolutionProperties) = preSolution
		HideSolutionNode = FALSE
	EndGlobalSection
	GlobalSection(ExtensibilityGlobals) = postSolution
		SolutionGuid = {45108387-53DB-4FDF-AEDB-A23E4767D8C4}
	EndGlobalSection
EndGlobal
