
Microsoft Visual Studio Solution File, Format Version 12.00
# Visual Studio Version 16
VisualStudioVersion = 16.0.31019.35
MinimumVisualStudioVersion = 10.0.40219.1
Project("{FAE04EC0-301F-11D3-BF4B-00C04F79EFBC}") = "P03_FootballBetting", "P03_FootballBetting.csproj", "{839401ED-70A6-4A11-8C53-61EAD4469AC0}"
EndProject
Project("{FAE04EC0-301F-11D3-BF4B-00C04F79EFBC}") = "P03_FootballBetting.Data.Models", "..\P03_FootballBetting.Data.Models\P03_FootballBetting.Data.Models.csproj", "{7BF3C44E-2E0C-4203-A542-3F0B5FF8039F}"
EndProject
Project("{FAE04EC0-301F-11D3-BF4B-00C04F79EFBC}") = "P03_FootballBetting.Data", "..\P03_FootballBetting.Data\P03_FootballBetting.Data.csproj", "{7095791D-FF75-42DA-990C-B9DA31F29924}"
EndProject
Global
	GlobalSection(SolutionConfigurationPlatforms) = preSolution
		Debug|Any CPU = Debug|Any CPU
		Release|Any CPU = Release|Any CPU
	EndGlobalSection
	GlobalSection(ProjectConfigurationPlatforms) = postSolution
		{839401ED-70A6-4A11-8C53-61EAD4469AC0}.Debug|Any CPU.ActiveCfg = Debug|Any CPU
		{839401ED-70A6-4A11-8C53-61EAD4469AC0}.Debug|Any CPU.Build.0 = Debug|Any CPU
		{839401ED-70A6-4A11-8C53-61EAD4469AC0}.Release|Any CPU.ActiveCfg = Release|Any CPU
		{839401ED-70A6-4A11-8C53-61EAD4469AC0}.Release|Any CPU.Build.0 = Release|Any CPU
		{7BF3C44E-2E0C-4203-A542-3F0B5FF8039F}.Debug|Any CPU.ActiveCfg = Debug|Any CPU
		{7BF3C44E-2E0C-4203-A542-3F0B5FF8039F}.Debug|Any CPU.Build.0 = Debug|Any CPU
		{7BF3C44E-2E0C-4203-A542-3F0B5FF8039F}.Release|Any CPU.ActiveCfg = Release|Any CPU
		{7BF3C44E-2E0C-4203-A542-3F0B5FF8039F}.Release|Any CPU.Build.0 = Release|Any CPU
		{7095791D-FF75-42DA-990C-B9DA31F29924}.Debug|Any CPU.ActiveCfg = Debug|Any CPU
		{7095791D-FF75-42DA-990C-B9DA31F29924}.Debug|Any CPU.Build.0 = Debug|Any CPU
		{7095791D-FF75-42DA-990C-B9DA31F29924}.Release|Any CPU.ActiveCfg = Release|Any CPU
		{7095791D-FF75-42DA-990C-B9DA31F29924}.Release|Any CPU.Build.0 = Release|Any CPU
	EndGlobalSection
	GlobalSection(SolutionProperties) = preSolution
		HideSolutionNode = FALSE
	EndGlobalSection
	GlobalSection(ExtensibilityGlobals) = postSolution
		SolutionGuid = {31CE3C2D-4745-4E05-90DD-E620F2BEE01F}
	EndGlobalSection
EndGlobal
