
Microsoft Visual Studio Solution File, Format Version 12.00
# Visual Studio Version 16
VisualStudioVersion = 16.0.31019.35
MinimumVisualStudioVersion = 10.0.40219.1
Project("{9A19103F-16F7-4668-BE54-9A1E7A4F7556}") = "Vehicles", "Vehicles.csproj", "{FE4BF11B-8351-4956-9F1D-543AD3A52EED}"
EndProject
Project("{FAE04EC0-301F-11D3-BF4B-00C04F79EFBC}") = "WildFarm", "..\WildFarm\WildFarm.csproj", "{E1B47C21-22B1-446F-B249-78980AB97FB5}"
EndProject
Global
	GlobalSection(SolutionConfigurationPlatforms) = preSolution
		Debug|Any CPU = Debug|Any CPU
		Release|Any CPU = Release|Any CPU
	EndGlobalSection
	GlobalSection(ProjectConfigurationPlatforms) = postSolution
		{FE4BF11B-8351-4956-9F1D-543AD3A52EED}.Debug|Any CPU.ActiveCfg = Debug|Any CPU
		{FE4BF11B-8351-4956-9F1D-543AD3A52EED}.Debug|Any CPU.Build.0 = Debug|Any CPU
		{FE4BF11B-8351-4956-9F1D-543AD3A52EED}.Release|Any CPU.ActiveCfg = Release|Any CPU
		{FE4BF11B-8351-4956-9F1D-543AD3A52EED}.Release|Any CPU.Build.0 = Release|Any CPU
		{E1B47C21-22B1-446F-B249-78980AB97FB5}.Debug|Any CPU.ActiveCfg = Debug|Any CPU
		{E1B47C21-22B1-446F-B249-78980AB97FB5}.Debug|Any CPU.Build.0 = Debug|Any CPU
		{E1B47C21-22B1-446F-B249-78980AB97FB5}.Release|Any CPU.ActiveCfg = Release|Any CPU
		{E1B47C21-22B1-446F-B249-78980AB97FB5}.Release|Any CPU.Build.0 = Release|Any CPU
	EndGlobalSection
	GlobalSection(SolutionProperties) = preSolution
		HideSolutionNode = FALSE
	EndGlobalSection
	GlobalSection(ExtensibilityGlobals) = postSolution
		SolutionGuid = {30B66FB8-8B33-4943-83FD-722CC9A51EB3}
	EndGlobalSection
EndGlobal
