
Microsoft Visual Studio Solution File, Format Version 12.00
# Visual Studio Version 16
VisualStudioVersion = 16.0.31019.35
MinimumVisualStudioVersion = 10.0.40219.1
Project("{FAE04EC0-301F-11D3-BF4B-00C04F79EFBC}") = "1CountRealNumbers", "1CountRealNumbers.csproj", "{EA9173A4-E3E1-4082-8CA9-296108E95AEA}"
EndProject
Project("{FAE04EC0-301F-11D3-BF4B-00C04F79EFBC}") = "3WordSynonyms", "..\3WordSynonyms\3WordSynonyms.csproj", "{45DB8F7E-0CCF-4B65-B107-F516A74E4F52}"
EndProject
Project("{FAE04EC0-301F-11D3-BF4B-00C04F79EFBC}") = "5WordFilter", "..\5WordFilter\5WordFilter.csproj", "{F72B35F1-1B33-4452-958B-BEC13A5388F9}"
EndProject
Global
	GlobalSection(SolutionConfigurationPlatforms) = preSolution
		Debug|Any CPU = Debug|Any CPU
		Release|Any CPU = Release|Any CPU
	EndGlobalSection
	GlobalSection(ProjectConfigurationPlatforms) = postSolution
		{EA9173A4-E3E1-4082-8CA9-296108E95AEA}.Debug|Any CPU.ActiveCfg = Debug|Any CPU
		{EA9173A4-E3E1-4082-8CA9-296108E95AEA}.Debug|Any CPU.Build.0 = Debug|Any CPU
		{EA9173A4-E3E1-4082-8CA9-296108E95AEA}.Release|Any CPU.ActiveCfg = Release|Any CPU
		{EA9173A4-E3E1-4082-8CA9-296108E95AEA}.Release|Any CPU.Build.0 = Release|Any CPU
		{45DB8F7E-0CCF-4B65-B107-F516A74E4F52}.Debug|Any CPU.ActiveCfg = Debug|Any CPU
		{45DB8F7E-0CCF-4B65-B107-F516A74E4F52}.Debug|Any CPU.Build.0 = Debug|Any CPU
		{45DB8F7E-0CCF-4B65-B107-F516A74E4F52}.Release|Any CPU.ActiveCfg = Release|Any CPU
		{45DB8F7E-0CCF-4B65-B107-F516A74E4F52}.Release|Any CPU.Build.0 = Release|Any CPU
		{F72B35F1-1B33-4452-958B-BEC13A5388F9}.Debug|Any CPU.ActiveCfg = Debug|Any CPU
		{F72B35F1-1B33-4452-958B-BEC13A5388F9}.Debug|Any CPU.Build.0 = Debug|Any CPU
		{F72B35F1-1B33-4452-958B-BEC13A5388F9}.Release|Any CPU.ActiveCfg = Release|Any CPU
		{F72B35F1-1B33-4452-958B-BEC13A5388F9}.Release|Any CPU.Build.0 = Release|Any CPU
	EndGlobalSection
	GlobalSection(SolutionProperties) = preSolution
		HideSolutionNode = FALSE
	EndGlobalSection
	GlobalSection(ExtensibilityGlobals) = postSolution
		SolutionGuid = {8F53B594-BDC6-4A00-A443-028CF4463F47}
	EndGlobalSection
EndGlobal
