
Microsoft Visual Studio Solution File, Format Version 12.00
# Visual Studio Version 16
VisualStudioVersion = 16.0.31019.35
MinimumVisualStudioVersion = 10.0.40219.1
Project("{FAE04EC0-301F-11D3-BF4B-00C04F79EFBC}") = "SecretChat", "SecretChat.csproj", "{76CD8504-5796-4423-944D-68B926968E61}"
EndProject
Project("{FAE04EC0-301F-11D3-BF4B-00C04F79EFBC}") = "MirrorWords", "..\MirrorWords\MirrorWords.csproj", "{9FCE5832-1664-4699-9814-FBD23E503F9B}"
EndProject
Project("{FAE04EC0-301F-11D3-BF4B-00C04F79EFBC}") = "NeedForSpeedIII", "..\NeedForSpeedIII\NeedForSpeedIII.csproj", "{BF0A0A1C-9219-461E-9088-D8EC0FBBD045}"
EndProject
Global
	GlobalSection(SolutionConfigurationPlatforms) = preSolution
		Debug|Any CPU = Debug|Any CPU
		Release|Any CPU = Release|Any CPU
	EndGlobalSection
	GlobalSection(ProjectConfigurationPlatforms) = postSolution
		{76CD8504-5796-4423-944D-68B926968E61}.Debug|Any CPU.ActiveCfg = Debug|Any CPU
		{76CD8504-5796-4423-944D-68B926968E61}.Debug|Any CPU.Build.0 = Debug|Any CPU
		{76CD8504-5796-4423-944D-68B926968E61}.Release|Any CPU.ActiveCfg = Release|Any CPU
		{76CD8504-5796-4423-944D-68B926968E61}.Release|Any CPU.Build.0 = Release|Any CPU
		{9FCE5832-1664-4699-9814-FBD23E503F9B}.Debug|Any CPU.ActiveCfg = Debug|Any CPU
		{9FCE5832-1664-4699-9814-FBD23E503F9B}.Debug|Any CPU.Build.0 = Debug|Any CPU
		{9FCE5832-1664-4699-9814-FBD23E503F9B}.Release|Any CPU.ActiveCfg = Release|Any CPU
		{9FCE5832-1664-4699-9814-FBD23E503F9B}.Release|Any CPU.Build.0 = Release|Any CPU
		{BF0A0A1C-9219-461E-9088-D8EC0FBBD045}.Debug|Any CPU.ActiveCfg = Debug|Any CPU
		{BF0A0A1C-9219-461E-9088-D8EC0FBBD045}.Debug|Any CPU.Build.0 = Debug|Any CPU
		{BF0A0A1C-9219-461E-9088-D8EC0FBBD045}.Release|Any CPU.ActiveCfg = Release|Any CPU
		{BF0A0A1C-9219-461E-9088-D8EC0FBBD045}.Release|Any CPU.Build.0 = Release|Any CPU
	EndGlobalSection
	GlobalSection(SolutionProperties) = preSolution
		HideSolutionNode = FALSE
	EndGlobalSection
	GlobalSection(ExtensibilityGlobals) = postSolution
		SolutionGuid = {0DB377CC-EF79-44BF-A00D-8A931344AA08}
	EndGlobalSection
EndGlobal
