
Microsoft Visual Studio Solution File, Format Version 12.00
# Visual Studio Version 16
VisualStudioVersion = 16.0.30413.136
MinimumVisualStudioVersion = 10.0.40219.1
Project("{9A19103F-16F7-4668-BE54-9A1E7A4F7556}") = "ExerciseArrays", "ExerciseArrays.csproj", "{4A4FB266-006E-416E-86CA-EB256E4D70C2}"
EndProject
Project("{9A19103F-16F7-4668-BE54-9A1E7A4F7556}") = "1Train", "..\1Train\1Train.csproj", "{585AB72F-8DFB-48C7-B4B4-85B8C2648B95}"
EndProject
Project("{9A19103F-16F7-4668-BE54-9A1E7A4F7556}") = "2CommonElements", "..\2CommonElements\2CommonElements.csproj", "{17060BE2-BB1E-4195-BCE4-A834604BE737}"
EndProject
Project("{9A19103F-16F7-4668-BE54-9A1E7A4F7556}") = "3ZigZagArrays", "..\3ZigZagArrays\3ZigZagArrays.csproj", "{75AA43A7-FCC5-4529-9931-D4F4512F4AA9}"
EndProject
Project("{9A19103F-16F7-4668-BE54-9A1E7A4F7556}") = "4ArrayRotation", "..\4ArrayRotation\4ArrayRotation.csproj", "{FFC16EEE-65FB-409B-95B7-F8FB8886ED2B}"
EndProject
Project("{9A19103F-16F7-4668-BE54-9A1E7A4F7556}") = "5TopIntegers", "..\5TopIntegers\5TopIntegers.csproj", "{11D462A4-4F8A-4262-9698-D4EC96577C0A}"
EndProject
Project("{9A19103F-16F7-4668-BE54-9A1E7A4F7556}") = "6EqualSums", "..\6EqualSums\6EqualSums.csproj", "{67936BD9-0A0C-4D13-A5AC-27AA6010FC81}"
EndProject
Project("{9A19103F-16F7-4668-BE54-9A1E7A4F7556}") = "7MaxSequenceOfEqualElements", "..\7MaxSequenceOfEqualElements\7MaxSequenceOfEqualElements.csproj", "{1208ED08-FE8B-4D80-BE47-A737A1C04EE4}"
EndProject
Project("{9A19103F-16F7-4668-BE54-9A1E7A4F7556}") = "8MagicSum", "..\8MagicSum\8MagicSum.csproj", "{832DA548-96E2-4BA4-BFD8-A7FEEEFBFE9F}"
EndProject
Project("{FAE04EC0-301F-11D3-BF4B-00C04F79EFBC}") = "10LadyBugs", "..\10LadyBugs\10LadyBugs.csproj", "{0F9EA684-A8E2-4A20-A392-09A840D86A73}"
EndProject
Project("{FAE04EC0-301F-11D3-BF4B-00C04F79EFBC}") = "09KaminoFactory", "..\09KaminoFactory\09KaminoFactory.csproj", "{1009CB0D-11C5-4420-B54E-7CB4095BD07C}"
EndProject
Global
	GlobalSection(SolutionConfigurationPlatforms) = preSolution
		Debug|Any CPU = Debug|Any CPU
		Release|Any CPU = Release|Any CPU
	EndGlobalSection
	GlobalSection(ProjectConfigurationPlatforms) = postSolution
		{4A4FB266-006E-416E-86CA-EB256E4D70C2}.Debug|Any CPU.ActiveCfg = Debug|Any CPU
		{4A4FB266-006E-416E-86CA-EB256E4D70C2}.Debug|Any CPU.Build.0 = Debug|Any CPU
		{4A4FB266-006E-416E-86CA-EB256E4D70C2}.Release|Any CPU.ActiveCfg = Release|Any CPU
		{4A4FB266-006E-416E-86CA-EB256E4D70C2}.Release|Any CPU.Build.0 = Release|Any CPU
		{585AB72F-8DFB-48C7-B4B4-85B8C2648B95}.Debug|Any CPU.ActiveCfg = Debug|Any CPU
		{585AB72F-8DFB-48C7-B4B4-85B8C2648B95}.Debug|Any CPU.Build.0 = Debug|Any CPU
		{585AB72F-8DFB-48C7-B4B4-85B8C2648B95}.Release|Any CPU.ActiveCfg = Release|Any CPU
		{585AB72F-8DFB-48C7-B4B4-85B8C2648B95}.Release|Any CPU.Build.0 = Release|Any CPU
		{17060BE2-BB1E-4195-BCE4-A834604BE737}.Debug|Any CPU.ActiveCfg = Debug|Any CPU
		{17060BE2-BB1E-4195-BCE4-A834604BE737}.Debug|Any CPU.Build.0 = Debug|Any CPU
		{17060BE2-BB1E-4195-BCE4-A834604BE737}.Release|Any CPU.ActiveCfg = Release|Any CPU
		{17060BE2-BB1E-4195-BCE4-A834604BE737}.Release|Any CPU.Build.0 = Release|Any CPU
		{75AA43A7-FCC5-4529-9931-D4F4512F4AA9}.Debug|Any CPU.ActiveCfg = Debug|Any CPU
		{75AA43A7-FCC5-4529-9931-D4F4512F4AA9}.Debug|Any CPU.Build.0 = Debug|Any CPU
		{75AA43A7-FCC5-4529-9931-D4F4512F4AA9}.Release|Any CPU.ActiveCfg = Release|Any CPU
		{75AA43A7-FCC5-4529-9931-D4F4512F4AA9}.Release|Any CPU.Build.0 = Release|Any CPU
		{FFC16EEE-65FB-409B-95B7-F8FB8886ED2B}.Debug|Any CPU.ActiveCfg = Debug|Any CPU
		{FFC16EEE-65FB-409B-95B7-F8FB8886ED2B}.Debug|Any CPU.Build.0 = Debug|Any CPU
		{FFC16EEE-65FB-409B-95B7-F8FB8886ED2B}.Release|Any CPU.ActiveCfg = Release|Any CPU
		{FFC16EEE-65FB-409B-95B7-F8FB8886ED2B}.Release|Any CPU.Build.0 = Release|Any CPU
		{11D462A4-4F8A-4262-9698-D4EC96577C0A}.Debug|Any CPU.ActiveCfg = Debug|Any CPU
		{11D462A4-4F8A-4262-9698-D4EC96577C0A}.Debug|Any CPU.Build.0 = Debug|Any CPU
		{11D462A4-4F8A-4262-9698-D4EC96577C0A}.Release|Any CPU.ActiveCfg = Release|Any CPU
		{11D462A4-4F8A-4262-9698-D4EC96577C0A}.Release|Any CPU.Build.0 = Release|Any CPU
		{67936BD9-0A0C-4D13-A5AC-27AA6010FC81}.Debug|Any CPU.ActiveCfg = Debug|Any CPU
		{67936BD9-0A0C-4D13-A5AC-27AA6010FC81}.Debug|Any CPU.Build.0 = Debug|Any CPU
		{67936BD9-0A0C-4D13-A5AC-27AA6010FC81}.Release|Any CPU.ActiveCfg = Release|Any CPU
		{67936BD9-0A0C-4D13-A5AC-27AA6010FC81}.Release|Any CPU.Build.0 = Release|Any CPU
		{1208ED08-FE8B-4D80-BE47-A737A1C04EE4}.Debug|Any CPU.ActiveCfg = Debug|Any CPU
		{1208ED08-FE8B-4D80-BE47-A737A1C04EE4}.Debug|Any CPU.Build.0 = Debug|Any CPU
		{1208ED08-FE8B-4D80-BE47-A737A1C04EE4}.Release|Any CPU.ActiveCfg = Release|Any CPU
		{1208ED08-FE8B-4D80-BE47-A737A1C04EE4}.Release|Any CPU.Build.0 = Release|Any CPU
		{832DA548-96E2-4BA4-BFD8-A7FEEEFBFE9F}.Debug|Any CPU.ActiveCfg = Debug|Any CPU
		{832DA548-96E2-4BA4-BFD8-A7FEEEFBFE9F}.Debug|Any CPU.Build.0 = Debug|Any CPU
		{832DA548-96E2-4BA4-BFD8-A7FEEEFBFE9F}.Release|Any CPU.ActiveCfg = Release|Any CPU
		{832DA548-96E2-4BA4-BFD8-A7FEEEFBFE9F}.Release|Any CPU.Build.0 = Release|Any CPU
		{0F9EA684-A8E2-4A20-A392-09A840D86A73}.Debug|Any CPU.ActiveCfg = Debug|Any CPU
		{0F9EA684-A8E2-4A20-A392-09A840D86A73}.Debug|Any CPU.Build.0 = Debug|Any CPU
		{0F9EA684-A8E2-4A20-A392-09A840D86A73}.Release|Any CPU.ActiveCfg = Release|Any CPU
		{0F9EA684-A8E2-4A20-A392-09A840D86A73}.Release|Any CPU.Build.0 = Release|Any CPU
		{1009CB0D-11C5-4420-B54E-7CB4095BD07C}.Debug|Any CPU.ActiveCfg = Debug|Any CPU
		{1009CB0D-11C5-4420-B54E-7CB4095BD07C}.Debug|Any CPU.Build.0 = Debug|Any CPU
		{1009CB0D-11C5-4420-B54E-7CB4095BD07C}.Release|Any CPU.ActiveCfg = Release|Any CPU
		{1009CB0D-11C5-4420-B54E-7CB4095BD07C}.Release|Any CPU.Build.0 = Release|Any CPU
	EndGlobalSection
	GlobalSection(SolutionProperties) = preSolution
		HideSolutionNode = FALSE
	EndGlobalSection
	GlobalSection(ExtensibilityGlobals) = postSolution
		SolutionGuid = {7420E955-0098-4A80-9E24-5A5EDBA6B635}
	EndGlobalSection
EndGlobal
