
Microsoft Visual Studio Solution File, Format Version 12.00
# Visual Studio Version 16
VisualStudioVersion = 16.0.31019.35
MinimumVisualStudioVersion = 10.0.40219.1
Project("{FAE04EC0-301F-11D3-BF4B-00C04F79EFBC}") = "Raiding", "Raiding.csproj", "{69E71629-0075-40D1-97E4-496CC15D797A}"
EndProject
Global
	GlobalSection(SolutionConfigurationPlatforms) = preSolution
		Debug|Any CPU = Debug|Any CPU
		Release|Any CPU = Release|Any CPU
	EndGlobalSection
	GlobalSection(ProjectConfigurationPlatforms) = postSolution
		{69E71629-0075-40D1-97E4-496CC15D797A}.Debug|Any CPU.ActiveCfg = Debug|Any CPU
		{69E71629-0075-40D1-97E4-496CC15D797A}.Debug|Any CPU.Build.0 = Debug|Any CPU
		{69E71629-0075-40D1-97E4-496CC15D797A}.Release|Any CPU.ActiveCfg = Release|Any CPU
		{69E71629-0075-40D1-97E4-496CC15D797A}.Release|Any CPU.Build.0 = Release|Any CPU
	EndGlobalSection
	GlobalSection(SolutionProperties) = preSolution
		HideSolutionNode = FALSE
	EndGlobalSection
	GlobalSection(ExtensibilityGlobals) = postSolution
		SolutionGuid = {2E9E24E5-D027-4DB7-B9BE-E6C86ACDA25B}
	EndGlobalSection
EndGlobal
