
Microsoft Visual Studio Solution File, Format Version 12.00
# Visual Studio Version 16
VisualStudioVersion = 16.0.31019.35
MinimumVisualStudioVersion = 10.0.40219.1
Project("{FAE04EC0-301F-11D3-BF4B-00C04F79EFBC}") = "ActivationKeys", "ActivationKeys.csproj", "{C2E21880-C2FB-4EEB-B08D-65692036B82D}"
EndProject
Project("{FAE04EC0-301F-11D3-BF4B-00C04F79EFBC}") = "EmojiDetector", "..\EmojiDetector\EmojiDetector.csproj", "{B58F1AAB-E337-44B4-8447-16F0E1E24497}"
EndProject
Project("{FAE04EC0-301F-11D3-BF4B-00C04F79EFBC}") = "P!rates", "..\P!rates\P!rates.csproj", "{94623BD8-AA5C-46F9-A142-501C0422BE03}"
EndProject
Global
	GlobalSection(SolutionConfigurationPlatforms) = preSolution
		Debug|Any CPU = Debug|Any CPU
		Release|Any CPU = Release|Any CPU
	EndGlobalSection
	GlobalSection(ProjectConfigurationPlatforms) = postSolution
		{C2E21880-C2FB-4EEB-B08D-65692036B82D}.Debug|Any CPU.ActiveCfg = Debug|Any CPU
		{C2E21880-C2FB-4EEB-B08D-65692036B82D}.Debug|Any CPU.Build.0 = Debug|Any CPU
		{C2E21880-C2FB-4EEB-B08D-65692036B82D}.Release|Any CPU.ActiveCfg = Release|Any CPU
		{C2E21880-C2FB-4EEB-B08D-65692036B82D}.Release|Any CPU.Build.0 = Release|Any CPU
		{B58F1AAB-E337-44B4-8447-16F0E1E24497}.Debug|Any CPU.ActiveCfg = Debug|Any CPU
		{B58F1AAB-E337-44B4-8447-16F0E1E24497}.Debug|Any CPU.Build.0 = Debug|Any CPU
		{B58F1AAB-E337-44B4-8447-16F0E1E24497}.Release|Any CPU.ActiveCfg = Release|Any CPU
		{B58F1AAB-E337-44B4-8447-16F0E1E24497}.Release|Any CPU.Build.0 = Release|Any CPU
		{94623BD8-AA5C-46F9-A142-501C0422BE03}.Debug|Any CPU.ActiveCfg = Debug|Any CPU
		{94623BD8-AA5C-46F9-A142-501C0422BE03}.Debug|Any CPU.Build.0 = Debug|Any CPU
		{94623BD8-AA5C-46F9-A142-501C0422BE03}.Release|Any CPU.ActiveCfg = Release|Any CPU
		{94623BD8-AA5C-46F9-A142-501C0422BE03}.Release|Any CPU.Build.0 = Release|Any CPU
	EndGlobalSection
	GlobalSection(SolutionProperties) = preSolution
		HideSolutionNode = FALSE
	EndGlobalSection
	GlobalSection(ExtensibilityGlobals) = postSolution
		SolutionGuid = {295E56F4-E21B-4122-8E13-61C2E62879C3}
	EndGlobalSection
EndGlobal
