
Microsoft Visual Studio Solution File, Format Version 12.00
# Visual Studio Version 16
VisualStudioVersion = 16.0.31019.35
MinimumVisualStudioVersion = 10.0.40219.1
Project("{FAE04EC0-301F-11D3-BF4B-00C04F79EFBC}") = "1TheImitationGame", "..\1TheImitationGame\1TheImitationGame.csproj", "{4D88351C-1064-4CE2-81D0-EC99808CFF94}"
EndProject
Project("{FAE04EC0-301F-11D3-BF4B-00C04F79EFBC}") = "2AdAstra", "..\2AdAstra\2AdAstra.csproj", "{78701F08-535C-4759-99A9-753F7394CF8C}"
EndProject
Project("{FAE04EC0-301F-11D3-BF4B-00C04F79EFBC}") = "3ThePianist", "..\3ThePianist\3ThePianist.csproj", "{246005BB-562C-4C74-8488-E3B4D69736EC}"
EndProject
Global
	GlobalSection(SolutionConfigurationPlatforms) = preSolution
		Debug|Any CPU = Debug|Any CPU
		Release|Any CPU = Release|Any CPU
	EndGlobalSection
	GlobalSection(ProjectConfigurationPlatforms) = postSolution
		{4D88351C-1064-4CE2-81D0-EC99808CFF94}.Debug|Any CPU.ActiveCfg = Debug|Any CPU
		{4D88351C-1064-4CE2-81D0-EC99808CFF94}.Debug|Any CPU.Build.0 = Debug|Any CPU
		{4D88351C-1064-4CE2-81D0-EC99808CFF94}.Release|Any CPU.ActiveCfg = Release|Any CPU
		{4D88351C-1064-4CE2-81D0-EC99808CFF94}.Release|Any CPU.Build.0 = Release|Any CPU
		{78701F08-535C-4759-99A9-753F7394CF8C}.Debug|Any CPU.ActiveCfg = Debug|Any CPU
		{78701F08-535C-4759-99A9-753F7394CF8C}.Debug|Any CPU.Build.0 = Debug|Any CPU
		{78701F08-535C-4759-99A9-753F7394CF8C}.Release|Any CPU.ActiveCfg = Release|Any CPU
		{78701F08-535C-4759-99A9-753F7394CF8C}.Release|Any CPU.Build.0 = Release|Any CPU
		{246005BB-562C-4C74-8488-E3B4D69736EC}.Debug|Any CPU.ActiveCfg = Debug|Any CPU
		{246005BB-562C-4C74-8488-E3B4D69736EC}.Debug|Any CPU.Build.0 = Debug|Any CPU
		{246005BB-562C-4C74-8488-E3B4D69736EC}.Release|Any CPU.ActiveCfg = Release|Any CPU
		{246005BB-562C-4C74-8488-E3B4D69736EC}.Release|Any CPU.Build.0 = Release|Any CPU
	EndGlobalSection
	GlobalSection(SolutionProperties) = preSolution
		HideSolutionNode = FALSE
	EndGlobalSection
	GlobalSection(ExtensibilityGlobals) = postSolution
		SolutionGuid = {061B37AC-FADA-4F4D-AADD-8DFC43B12129}
	EndGlobalSection
EndGlobal
