
Microsoft Visual Studio Solution File, Format Version 12.00
# Visual Studio Version 16
VisualStudioVersion = 16.0.31005.135
MinimumVisualStudioVersion = 10.0.40219.1
Project("{9A19103F-16F7-4668-BE54-9A1E7A4F7556}") = "DayOfWeek", "DayOfWeek.csproj", "{DABF6C80-E9FE-469D-9730-DAC1CA6F5ED5}"
EndProject
Project("{FAE04EC0-301F-11D3-BF4B-00C04F79EFBC}") = "PrintNumbersInReverseOrder", "..\PrintNumbersInReverseOrder\PrintNumbersInReverseOrder.csproj", "{59510484-1152-4AD3-9A64-85D98A091648}"
EndProject
Project("{FAE04EC0-301F-11D3-BF4B-00C04F79EFBC}") = "RoundingNumbers", "..\RoundingNumbers\RoundingNumbers.csproj", "{B5473CF8-8816-4D59-B7F7-3781EF1CF361}"
EndProject
Project("{FAE04EC0-301F-11D3-BF4B-00C04F79EFBC}") = "ReverseArrayOfStrings", "..\ReverseArrayOfStrings\ReverseArrayOfStrings.csproj", "{93FA9692-91A5-4F1C-B443-C5749652F2A5}"
EndProject
Project("{FAE04EC0-301F-11D3-BF4B-00C04F79EFBC}") = "SumEvenNumbers", "..\SumEvenNumbers\SumEvenNumbers.csproj", "{223D84B0-DE63-4565-BBD4-E14B76A8408F}"
EndProject
Project("{FAE04EC0-301F-11D3-BF4B-00C04F79EFBC}") = "EvenAndOddSubtraction", "..\EvenAndOddSubtraction\EvenAndOddSubtraction.csproj", "{451E8712-6781-4D1B-95F2-7EB1262D01F2}"
EndProject
Project("{FAE04EC0-301F-11D3-BF4B-00C04F79EFBC}") = "EqualArrays", "..\EqualArrays\EqualArrays.csproj", "{4252842F-A549-46BF-8224-B326B87F5E14}"
EndProject
Project("{FAE04EC0-301F-11D3-BF4B-00C04F79EFBC}") = "CondenseArrayToNumber", "..\CondenseArrayToNumber\CondenseArrayToNumber.csproj", "{0DC647D4-23BA-4C42-946B-3D4D80F0DE63}"
EndProject
Global
	GlobalSection(SolutionConfigurationPlatforms) = preSolution
		Debug|Any CPU = Debug|Any CPU
		Release|Any CPU = Release|Any CPU
	EndGlobalSection
	GlobalSection(ProjectConfigurationPlatforms) = postSolution
		{DABF6C80-E9FE-469D-9730-DAC1CA6F5ED5}.Debug|Any CPU.ActiveCfg = Debug|Any CPU
		{DABF6C80-E9FE-469D-9730-DAC1CA6F5ED5}.Debug|Any CPU.Build.0 = Debug|Any CPU
		{DABF6C80-E9FE-469D-9730-DAC1CA6F5ED5}.Release|Any CPU.ActiveCfg = Release|Any CPU
		{DABF6C80-E9FE-469D-9730-DAC1CA6F5ED5}.Release|Any CPU.Build.0 = Release|Any CPU
		{59510484-1152-4AD3-9A64-85D98A091648}.Debug|Any CPU.ActiveCfg = Debug|Any CPU
		{59510484-1152-4AD3-9A64-85D98A091648}.Debug|Any CPU.Build.0 = Debug|Any CPU
		{59510484-1152-4AD3-9A64-85D98A091648}.Release|Any CPU.ActiveCfg = Release|Any CPU
		{59510484-1152-4AD3-9A64-85D98A091648}.Release|Any CPU.Build.0 = Release|Any CPU
		{B5473CF8-8816-4D59-B7F7-3781EF1CF361}.Debug|Any CPU.ActiveCfg = Debug|Any CPU
		{B5473CF8-8816-4D59-B7F7-3781EF1CF361}.Debug|Any CPU.Build.0 = Debug|Any CPU
		{B5473CF8-8816-4D59-B7F7-3781EF1CF361}.Release|Any CPU.ActiveCfg = Release|Any CPU
		{B5473CF8-8816-4D59-B7F7-3781EF1CF361}.Release|Any CPU.Build.0 = Release|Any CPU
		{93FA9692-91A5-4F1C-B443-C5749652F2A5}.Debug|Any CPU.ActiveCfg = Debug|Any CPU
		{93FA9692-91A5-4F1C-B443-C5749652F2A5}.Debug|Any CPU.Build.0 = Debug|Any CPU
		{93FA9692-91A5-4F1C-B443-C5749652F2A5}.Release|Any CPU.ActiveCfg = Release|Any CPU
		{93FA9692-91A5-4F1C-B443-C5749652F2A5}.Release|Any CPU.Build.0 = Release|Any CPU
		{223D84B0-DE63-4565-BBD4-E14B76A8408F}.Debug|Any CPU.ActiveCfg = Debug|Any CPU
		{223D84B0-DE63-4565-BBD4-E14B76A8408F}.Debug|Any CPU.Build.0 = Debug|Any CPU
		{223D84B0-DE63-4565-BBD4-E14B76A8408F}.Release|Any CPU.ActiveCfg = Release|Any CPU
		{223D84B0-DE63-4565-BBD4-E14B76A8408F}.Release|Any CPU.Build.0 = Release|Any CPU
		{451E8712-6781-4D1B-95F2-7EB1262D01F2}.Debug|Any CPU.ActiveCfg = Debug|Any CPU
		{451E8712-6781-4D1B-95F2-7EB1262D01F2}.Debug|Any CPU.Build.0 = Debug|Any CPU
		{451E8712-6781-4D1B-95F2-7EB1262D01F2}.Release|Any CPU.ActiveCfg = Release|Any CPU
		{451E8712-6781-4D1B-95F2-7EB1262D01F2}.Release|Any CPU.Build.0 = Release|Any CPU
		{4252842F-A549-46BF-8224-B326B87F5E14}.Debug|Any CPU.ActiveCfg = Debug|Any CPU
		{4252842F-A549-46BF-8224-B326B87F5E14}.Debug|Any CPU.Build.0 = Debug|Any CPU
		{4252842F-A549-46BF-8224-B326B87F5E14}.Release|Any CPU.ActiveCfg = Release|Any CPU
		{4252842F-A549-46BF-8224-B326B87F5E14}.Release|Any CPU.Build.0 = Release|Any CPU
		{0DC647D4-23BA-4C42-946B-3D4D80F0DE63}.Debug|Any CPU.ActiveCfg = Debug|Any CPU
		{0DC647D4-23BA-4C42-946B-3D4D80F0DE63}.Debug|Any CPU.Build.0 = Debug|Any CPU
		{0DC647D4-23BA-4C42-946B-3D4D80F0DE63}.Release|Any CPU.ActiveCfg = Release|Any CPU
		{0DC647D4-23BA-4C42-946B-3D4D80F0DE63}.Release|Any CPU.Build.0 = Release|Any CPU
	EndGlobalSection
	GlobalSection(SolutionProperties) = preSolution
		HideSolutionNode = FALSE
	EndGlobalSection
	GlobalSection(ExtensibilityGlobals) = postSolution
		SolutionGuid = {EB213036-046F-484F-BCF9-9E537AD43E2E}
	EndGlobalSection
EndGlobal
