
Microsoft Visual Studio Solution File, Format Version 12.00
# Visual Studio Version 16
VisualStudioVersion = 16.0.31019.35
MinimumVisualStudioVersion = 10.0.40219.1
Project("{9A19103F-16F7-4668-BE54-9A1E7A4F7556}") = "PersonInfo", "PersonInfo.csproj", "{CD27CB78-D5EA-4025-BB44-9BD2EA175244}"
EndProject
Project("{9A19103F-16F7-4668-BE54-9A1E7A4F7556}") = "Telephony", "..\Telephony\Telephony.csproj", "{F29A0EFF-9155-4F35-B83D-2843DC573040}"
EndProject
Project("{9A19103F-16F7-4668-BE54-9A1E7A4F7556}") = "MilitaryElite", "..\MilitaryElite\MilitaryElite.csproj", "{DF2FBEBC-337A-4DC9-ABD7-9D1362F4F08A}"
EndProject
Project("{FAE04EC0-301F-11D3-BF4B-00C04F79EFBC}") = "BirthdayCelebrations", "..\BirthdayCelebrations\BirthdayCelebrations.csproj", "{8C02D0F3-72E6-412F-9B07-995D62B12FB4}"
EndProject
Project("{FAE04EC0-301F-11D3-BF4B-00C04F79EFBC}") = "FoodShortage", "..\FoodShortage\FoodShortage.csproj", "{20863B98-396E-48F0-8A06-DB3844C283BB}"
EndProject
Global
	GlobalSection(SolutionConfigurationPlatforms) = preSolution
		Debug|Any CPU = Debug|Any CPU
		Release|Any CPU = Release|Any CPU
	EndGlobalSection
	GlobalSection(ProjectConfigurationPlatforms) = postSolution
		{CD27CB78-D5EA-4025-BB44-9BD2EA175244}.Debug|Any CPU.ActiveCfg = Debug|Any CPU
		{CD27CB78-D5EA-4025-BB44-9BD2EA175244}.Debug|Any CPU.Build.0 = Debug|Any CPU
		{CD27CB78-D5EA-4025-BB44-9BD2EA175244}.Release|Any CPU.ActiveCfg = Release|Any CPU
		{CD27CB78-D5EA-4025-BB44-9BD2EA175244}.Release|Any CPU.Build.0 = Release|Any CPU
		{F29A0EFF-9155-4F35-B83D-2843DC573040}.Debug|Any CPU.ActiveCfg = Debug|Any CPU
		{F29A0EFF-9155-4F35-B83D-2843DC573040}.Debug|Any CPU.Build.0 = Debug|Any CPU
		{F29A0EFF-9155-4F35-B83D-2843DC573040}.Release|Any CPU.ActiveCfg = Release|Any CPU
		{F29A0EFF-9155-4F35-B83D-2843DC573040}.Release|Any CPU.Build.0 = Release|Any CPU
		{DF2FBEBC-337A-4DC9-ABD7-9D1362F4F08A}.Debug|Any CPU.ActiveCfg = Debug|Any CPU
		{DF2FBEBC-337A-4DC9-ABD7-9D1362F4F08A}.Debug|Any CPU.Build.0 = Debug|Any CPU
		{DF2FBEBC-337A-4DC9-ABD7-9D1362F4F08A}.Release|Any CPU.ActiveCfg = Release|Any CPU
		{DF2FBEBC-337A-4DC9-ABD7-9D1362F4F08A}.Release|Any CPU.Build.0 = Release|Any CPU
		{8C02D0F3-72E6-412F-9B07-995D62B12FB4}.Debug|Any CPU.ActiveCfg = Debug|Any CPU
		{8C02D0F3-72E6-412F-9B07-995D62B12FB4}.Debug|Any CPU.Build.0 = Debug|Any CPU
		{8C02D0F3-72E6-412F-9B07-995D62B12FB4}.Release|Any CPU.ActiveCfg = Release|Any CPU
		{8C02D0F3-72E6-412F-9B07-995D62B12FB4}.Release|Any CPU.Build.0 = Release|Any CPU
		{20863B98-396E-48F0-8A06-DB3844C283BB}.Debug|Any CPU.ActiveCfg = Debug|Any CPU
		{20863B98-396E-48F0-8A06-DB3844C283BB}.Debug|Any CPU.Build.0 = Debug|Any CPU
		{20863B98-396E-48F0-8A06-DB3844C283BB}.Release|Any CPU.ActiveCfg = Release|Any CPU
		{20863B98-396E-48F0-8A06-DB3844C283BB}.Release|Any CPU.Build.0 = Release|Any CPU
	EndGlobalSection
	GlobalSection(SolutionProperties) = preSolution
		HideSolutionNode = FALSE
	EndGlobalSection
	GlobalSection(ExtensibilityGlobals) = postSolution
		SolutionGuid = {B4573345-3B95-4925-AC67-956185FBB869}
	EndGlobalSection
EndGlobal
