
Microsoft Visual Studio Solution File, Format Version 12.00
# Visual Studio Version 16
VisualStudioVersion = 16.0.31019.35
MinimumVisualStudioVersion = 10.0.40219.1
Project("{FAE04EC0-301F-11D3-BF4B-00C04F79EFBC}") = "Crossroads", "Crossroads.csproj", "{E9381D2A-77A3-4E73-BDD6-D4850A00DA5D}"
EndProject
Project("{FAE04EC0-301F-11D3-BF4B-00C04F79EFBC}") = "ParkingFeud", "..\ParkingFeud\ParkingFeud.csproj", "{A28B9129-C567-4A78-BEF6-BB60708A7C6C}"
EndProject
Project("{FAE04EC0-301F-11D3-BF4B-00C04F79EFBC}") = "MovieTime", "..\MovieTime\MovieTime.csproj", "{F8496EB0-747E-4F79-93FB-50B4359D2FC9}"
EndProject
Global
	GlobalSection(SolutionConfigurationPlatforms) = preSolution
		Debug|Any CPU = Debug|Any CPU
		Release|Any CPU = Release|Any CPU
	EndGlobalSection
	GlobalSection(ProjectConfigurationPlatforms) = postSolution
		{E9381D2A-77A3-4E73-BDD6-D4850A00DA5D}.Debug|Any CPU.ActiveCfg = Debug|Any CPU
		{E9381D2A-77A3-4E73-BDD6-D4850A00DA5D}.Debug|Any CPU.Build.0 = Debug|Any CPU
		{E9381D2A-77A3-4E73-BDD6-D4850A00DA5D}.Release|Any CPU.ActiveCfg = Release|Any CPU
		{E9381D2A-77A3-4E73-BDD6-D4850A00DA5D}.Release|Any CPU.Build.0 = Release|Any CPU
		{A28B9129-C567-4A78-BEF6-BB60708A7C6C}.Debug|Any CPU.ActiveCfg = Debug|Any CPU
		{A28B9129-C567-4A78-BEF6-BB60708A7C6C}.Debug|Any CPU.Build.0 = Debug|Any CPU
		{A28B9129-C567-4A78-BEF6-BB60708A7C6C}.Release|Any CPU.ActiveCfg = Release|Any CPU
		{A28B9129-C567-4A78-BEF6-BB60708A7C6C}.Release|Any CPU.Build.0 = Release|Any CPU
		{F8496EB0-747E-4F79-93FB-50B4359D2FC9}.Debug|Any CPU.ActiveCfg = Debug|Any CPU
		{F8496EB0-747E-4F79-93FB-50B4359D2FC9}.Debug|Any CPU.Build.0 = Debug|Any CPU
		{F8496EB0-747E-4F79-93FB-50B4359D2FC9}.Release|Any CPU.ActiveCfg = Release|Any CPU
		{F8496EB0-747E-4F79-93FB-50B4359D2FC9}.Release|Any CPU.Build.0 = Release|Any CPU
	EndGlobalSection
	GlobalSection(SolutionProperties) = preSolution
		HideSolutionNode = FALSE
	EndGlobalSection
	GlobalSection(ExtensibilityGlobals) = postSolution
		SolutionGuid = {A50117B1-6011-4B74-91E5-0E4BD7F91CA8}
	EndGlobalSection
EndGlobal
