
Microsoft Visual Studio Solution File, Format Version 12.00
# Visual Studio Version 16
VisualStudioVersion = 16.0.31019.35
MinimumVisualStudioVersion = 10.0.40219.1
Project("{FAE04EC0-301F-11D3-BF4B-00C04F79EFBC}") = "1ReverseStrings", "1ReverseStrings.csproj", "{3BE1BCC8-E883-4E1D-A9F0-0C28A8357674}"
EndProject
Project("{FAE04EC0-301F-11D3-BF4B-00C04F79EFBC}") = "2RepeatStrings", "..\2RepeatStrings\2RepeatStrings.csproj", "{E8843C08-6EA8-474B-9BA5-85DEAEFE568C}"
EndProject
Project("{FAE04EC0-301F-11D3-BF4B-00C04F79EFBC}") = "3Substring", "..\3Substring\3Substring.csproj", "{6CDFC7A0-D0EE-4AAF-8C36-F37BAAF232A1}"
EndProject
Project("{FAE04EC0-301F-11D3-BF4B-00C04F79EFBC}") = "4TextFilter", "..\4TextFilter\4TextFilter.csproj", "{F4CBE58B-0796-4299-B843-AD0CF7812E49}"
EndProject
Project("{FAE04EC0-301F-11D3-BF4B-00C04F79EFBC}") = "5DigitsLettersAndOther", "..\5DigitsLettersAndOther\5DigitsLettersAndOther.csproj", "{E9F04856-79D0-4CAE-B6CB-6BCB82065065}"
EndProject
Global
	GlobalSection(SolutionConfigurationPlatforms) = preSolution
		Debug|Any CPU = Debug|Any CPU
		Release|Any CPU = Release|Any CPU
	EndGlobalSection
	GlobalSection(ProjectConfigurationPlatforms) = postSolution
		{3BE1BCC8-E883-4E1D-A9F0-0C28A8357674}.Debug|Any CPU.ActiveCfg = Debug|Any CPU
		{3BE1BCC8-E883-4E1D-A9F0-0C28A8357674}.Debug|Any CPU.Build.0 = Debug|Any CPU
		{3BE1BCC8-E883-4E1D-A9F0-0C28A8357674}.Release|Any CPU.ActiveCfg = Release|Any CPU
		{3BE1BCC8-E883-4E1D-A9F0-0C28A8357674}.Release|Any CPU.Build.0 = Release|Any CPU
		{E8843C08-6EA8-474B-9BA5-85DEAEFE568C}.Debug|Any CPU.ActiveCfg = Debug|Any CPU
		{E8843C08-6EA8-474B-9BA5-85DEAEFE568C}.Debug|Any CPU.Build.0 = Debug|Any CPU
		{E8843C08-6EA8-474B-9BA5-85DEAEFE568C}.Release|Any CPU.ActiveCfg = Release|Any CPU
		{E8843C08-6EA8-474B-9BA5-85DEAEFE568C}.Release|Any CPU.Build.0 = Release|Any CPU
		{6CDFC7A0-D0EE-4AAF-8C36-F37BAAF232A1}.Debug|Any CPU.ActiveCfg = Debug|Any CPU
		{6CDFC7A0-D0EE-4AAF-8C36-F37BAAF232A1}.Debug|Any CPU.Build.0 = Debug|Any CPU
		{6CDFC7A0-D0EE-4AAF-8C36-F37BAAF232A1}.Release|Any CPU.ActiveCfg = Release|Any CPU
		{6CDFC7A0-D0EE-4AAF-8C36-F37BAAF232A1}.Release|Any CPU.Build.0 = Release|Any CPU
		{F4CBE58B-0796-4299-B843-AD0CF7812E49}.Debug|Any CPU.ActiveCfg = Debug|Any CPU
		{F4CBE58B-0796-4299-B843-AD0CF7812E49}.Debug|Any CPU.Build.0 = Debug|Any CPU
		{F4CBE58B-0796-4299-B843-AD0CF7812E49}.Release|Any CPU.ActiveCfg = Release|Any CPU
		{F4CBE58B-0796-4299-B843-AD0CF7812E49}.Release|Any CPU.Build.0 = Release|Any CPU
		{E9F04856-79D0-4CAE-B6CB-6BCB82065065}.Debug|Any CPU.ActiveCfg = Debug|Any CPU
		{E9F04856-79D0-4CAE-B6CB-6BCB82065065}.Debug|Any CPU.Build.0 = Debug|Any CPU
		{E9F04856-79D0-4CAE-B6CB-6BCB82065065}.Release|Any CPU.ActiveCfg = Release|Any CPU
		{E9F04856-79D0-4CAE-B6CB-6BCB82065065}.Release|Any CPU.Build.0 = Release|Any CPU
	EndGlobalSection
	GlobalSection(SolutionProperties) = preSolution
		HideSolutionNode = FALSE
	EndGlobalSection
	GlobalSection(ExtensibilityGlobals) = postSolution
		SolutionGuid = {14FBB264-C090-4C4C-9E29-0625E0F58917}
	EndGlobalSection
EndGlobal
