
Microsoft Visual Studio Solution File, Format Version 12.00
# Visual Studio Version 16
VisualStudioVersion = 16.0.31019.35
MinimumVisualStudioVersion = 10.0.40219.1
Project("{FAE04EC0-301F-11D3-BF4B-00C04F79EFBC}") = "PasswordReset", "PasswordReset.csproj", "{E8AF75E1-6BEF-4753-8A01-8931372FA9F6}"
EndProject
Project("{FAE04EC0-301F-11D3-BF4B-00C04F79EFBC}") = "FancyBarcodes", "..\FancyBarcodes\FancyBarcodes.csproj", "{DEE23EBA-E50B-4419-AEFE-D6DB9A1A7117}"
EndProject
Project("{FAE04EC0-301F-11D3-BF4B-00C04F79EFBC}") = "HeroesOfCodeAndLogicVII", "..\HeroesOfCodeAndLogicVII\HeroesOfCodeAndLogicVII.csproj", "{A720849D-B119-41F3-B53B-FC7B626DE6CE}"
EndProject
Global
	GlobalSection(SolutionConfigurationPlatforms) = preSolution
		Debug|Any CPU = Debug|Any CPU
		Release|Any CPU = Release|Any CPU
	EndGlobalSection
	GlobalSection(ProjectConfigurationPlatforms) = postSolution
		{E8AF75E1-6BEF-4753-8A01-8931372FA9F6}.Debug|Any CPU.ActiveCfg = Debug|Any CPU
		{E8AF75E1-6BEF-4753-8A01-8931372FA9F6}.Debug|Any CPU.Build.0 = Debug|Any CPU
		{E8AF75E1-6BEF-4753-8A01-8931372FA9F6}.Release|Any CPU.ActiveCfg = Release|Any CPU
		{E8AF75E1-6BEF-4753-8A01-8931372FA9F6}.Release|Any CPU.Build.0 = Release|Any CPU
		{DEE23EBA-E50B-4419-AEFE-D6DB9A1A7117}.Debug|Any CPU.ActiveCfg = Debug|Any CPU
		{DEE23EBA-E50B-4419-AEFE-D6DB9A1A7117}.Debug|Any CPU.Build.0 = Debug|Any CPU
		{DEE23EBA-E50B-4419-AEFE-D6DB9A1A7117}.Release|Any CPU.ActiveCfg = Release|Any CPU
		{DEE23EBA-E50B-4419-AEFE-D6DB9A1A7117}.Release|Any CPU.Build.0 = Release|Any CPU
		{A720849D-B119-41F3-B53B-FC7B626DE6CE}.Debug|Any CPU.ActiveCfg = Debug|Any CPU
		{A720849D-B119-41F3-B53B-FC7B626DE6CE}.Debug|Any CPU.Build.0 = Debug|Any CPU
		{A720849D-B119-41F3-B53B-FC7B626DE6CE}.Release|Any CPU.ActiveCfg = Release|Any CPU
		{A720849D-B119-41F3-B53B-FC7B626DE6CE}.Release|Any CPU.Build.0 = Release|Any CPU
	EndGlobalSection
	GlobalSection(SolutionProperties) = preSolution
		HideSolutionNode = FALSE
	EndGlobalSection
	GlobalSection(ExtensibilityGlobals) = postSolution
		SolutionGuid = {44BFA0A8-CE9E-4BA5-B352-A8900AF43046}
	EndGlobalSection
EndGlobal
