
Microsoft Visual Studio Solution File, Format Version 12.00
# Visual Studio Version 16
VisualStudioVersion = 16.0.31019.35
MinimumVisualStudioVersion = 10.0.40219.1
Project("{FAE04EC0-301F-11D3-BF4B-00C04F79EFBC}") = "01.FlowerWreaths", "01.FlowerWreaths.csproj", "{C3AB1125-9D32-49DF-ABF9-DF167F59594A}"
EndProject
Project("{FAE04EC0-301F-11D3-BF4B-00C04F79EFBC}") = "Bee", "..\Bee\Bee.csproj", "{47250098-D88B-471B-92DD-7ECF23971076}"
EndProject
Global
	GlobalSection(SolutionConfigurationPlatforms) = preSolution
		Debug|Any CPU = Debug|Any CPU
		Release|Any CPU = Release|Any CPU
	EndGlobalSection
	GlobalSection(ProjectConfigurationPlatforms) = postSolution
		{C3AB1125-9D32-49DF-ABF9-DF167F59594A}.Debug|Any CPU.ActiveCfg = Debug|Any CPU
		{C3AB1125-9D32-49DF-ABF9-DF167F59594A}.Debug|Any CPU.Build.0 = Debug|Any CPU
		{C3AB1125-9D32-49DF-ABF9-DF167F59594A}.Release|Any CPU.ActiveCfg = Release|Any CPU
		{C3AB1125-9D32-49DF-ABF9-DF167F59594A}.Release|Any CPU.Build.0 = Release|Any CPU
		{47250098-D88B-471B-92DD-7ECF23971076}.Debug|Any CPU.ActiveCfg = Debug|Any CPU
		{47250098-D88B-471B-92DD-7ECF23971076}.Debug|Any CPU.Build.0 = Debug|Any CPU
		{47250098-D88B-471B-92DD-7ECF23971076}.Release|Any CPU.ActiveCfg = Release|Any CPU
		{47250098-D88B-471B-92DD-7ECF23971076}.Release|Any CPU.Build.0 = Release|Any CPU
	EndGlobalSection
	GlobalSection(SolutionProperties) = preSolution
		HideSolutionNode = FALSE
	EndGlobalSection
	GlobalSection(ExtensibilityGlobals) = postSolution
		SolutionGuid = {A74B6E8B-8B7D-4763-8BCB-DEE37C08A9EB}
	EndGlobalSection
EndGlobal
