
Microsoft Visual Studio Solution File, Format Version 12.00
# Visual Studio Version 16
VisualStudioVersion = 16.0.31019.35
MinimumVisualStudioVersion = 10.0.40219.1
Project("{9A19103F-16F7-4668-BE54-9A1E7A4F7556}") = "Cooking", "Cooking.csproj", "{382B915C-E718-4DAA-A9BD-C5046120C466}"
EndProject
Project("{9A19103F-16F7-4668-BE54-9A1E7A4F7556}") = "Selling", "..\Selling\Selling.csproj", "{22396385-0127-447E-A0CD-90E52DD7994B}"
EndProject
Project("{FAE04EC0-301F-11D3-BF4B-00C04F79EFBC}") = "Openning", "..\Openning\Openning.csproj", "{C0193004-6621-4FC6-841E-EBE2D182C16A}"
EndProject
Global
	GlobalSection(SolutionConfigurationPlatforms) = preSolution
		Debug|Any CPU = Debug|Any CPU
		Release|Any CPU = Release|Any CPU
	EndGlobalSection
	GlobalSection(ProjectConfigurationPlatforms) = postSolution
		{382B915C-E718-4DAA-A9BD-C5046120C466}.Debug|Any CPU.ActiveCfg = Debug|Any CPU
		{382B915C-E718-4DAA-A9BD-C5046120C466}.Debug|Any CPU.Build.0 = Debug|Any CPU
		{382B915C-E718-4DAA-A9BD-C5046120C466}.Release|Any CPU.ActiveCfg = Release|Any CPU
		{382B915C-E718-4DAA-A9BD-C5046120C466}.Release|Any CPU.Build.0 = Release|Any CPU
		{22396385-0127-447E-A0CD-90E52DD7994B}.Debug|Any CPU.ActiveCfg = Debug|Any CPU
		{22396385-0127-447E-A0CD-90E52DD7994B}.Debug|Any CPU.Build.0 = Debug|Any CPU
		{22396385-0127-447E-A0CD-90E52DD7994B}.Release|Any CPU.ActiveCfg = Release|Any CPU
		{22396385-0127-447E-A0CD-90E52DD7994B}.Release|Any CPU.Build.0 = Release|Any CPU
		{C0193004-6621-4FC6-841E-EBE2D182C16A}.Debug|Any CPU.ActiveCfg = Debug|Any CPU
		{C0193004-6621-4FC6-841E-EBE2D182C16A}.Debug|Any CPU.Build.0 = Debug|Any CPU
		{C0193004-6621-4FC6-841E-EBE2D182C16A}.Release|Any CPU.ActiveCfg = Release|Any CPU
		{C0193004-6621-4FC6-841E-EBE2D182C16A}.Release|Any CPU.Build.0 = Release|Any CPU
	EndGlobalSection
	GlobalSection(SolutionProperties) = preSolution
		HideSolutionNode = FALSE
	EndGlobalSection
	GlobalSection(ExtensibilityGlobals) = postSolution
		SolutionGuid = {A81E5104-EA52-48AD-A8C8-D4CBB569A394}
	EndGlobalSection
EndGlobal
